// !$*UTF8*$!
{
	archiveVersion = 1;
	classes = {
	};
	objectVersion = 55;
	objects = {

/* Begin PBXBuildFile section */
		54220C83F2D4C68E72D35FC8 /* Pods_PDfMaker.framework in Frameworks */ = {isa = PBXBuildFile; fileRef = 06005B817620887ECC0A0E14 /* Pods_PDfMaker.framework */; };
		D88C1EE32A18D0C60040CE44 /* PDfHomeRecentListView.swift in Sources */ = {isa = PBXBuildFile; fileRef = D88C1EE22A18D0C60040CE44 /* PDfHomeRecentListView.swift */; };
		D88C1EE72A1912470040CE44 /* PDfSettingPage.swift in Sources */ = {isa = PBXBuildFile; fileRef = D88C1EE62A1912470040CE44 /* PDfSettingPage.swift */; };
		D88C1EE92A1E59360040CE44 /* PDfSubscribeStoreManager.swift in Sources */ = {isa = PBXBuildFile; fileRef = D88C1EE82A1E59360040CE44 /* PDfSubscribeStoreManager.swift */; };
		D88C8A4E2A0E808A00CE73F2 /* PDfPhotoCropVC.swift in Sources */ = {isa = PBXBuildFile; fileRef = D88C8A4D2A0E808A00CE73F2 /* PDfPhotoCropVC.swift */; };
		D88C8A502A0F5FA800CE73F2 /* PDfPhotoRotateVC.swift in Sources */ = {isa = PBXBuildFile; fileRef = D88C8A4F2A0F5FA800CE73F2 /* PDfPhotoRotateVC.swift */; };
		D88C8A522A108DF800CE73F2 /* PDfPhotosEditVC.swift in Sources */ = {isa = PBXBuildFile; fileRef = D88C8A512A108DF800CE73F2 /* PDfPhotosEditVC.swift */; };
		D8E769CA2A278B1A008BD289 /* PDfGoSplashGuideVC.swift in Sources */ = {isa = PBXBuildFile; fileRef = D8E769C92A278B1A008BD289 /* PDfGoSplashGuideVC.swift */; };
		EB0F0CAC2A1F67960093F471 /* PDfGoPremiumVC.swift in Sources */ = {isa = PBXBuildFile; fileRef = EB0F0CAB2A1F67960093F471 /* PDfGoPremiumVC.swift */; };
		EB340FC82A123F2D007C8DD1 /* PDfWePreviewVC.swift in Sources */ = {isa = PBXBuildFile; fileRef = EB340FC72A123F2D007C8DD1 /* PDfWePreviewVC.swift */; };
		EB55EEA72A0E3900007D7B15 /* PDfPhotoCropView.swift in Sources */ = {isa = PBXBuildFile; fileRef = EB55EEA62A0E3900007D7B15 /* PDfPhotoCropView.swift */; };
		EB55EF0C2A0E475A007D7B15 /* EditImageViewController.swift in Sources */ = {isa = PBXBuildFile; fileRef = EB55EED52A0E4758007D7B15 /* EditImageViewController.swift */; };
		EB55EF0D2A0E475A007D7B15 /* ZoomGestureController.swift in Sources */ = {isa = PBXBuildFile; fileRef = EB55EED62A0E4758007D7B15 /* ZoomGestureController.swift */; };
		EB55EF0E2A0E475A007D7B15 /* EditScanViewController.swift in Sources */ = {isa = PBXBuildFile; fileRef = EB55EED72A0E4758007D7B15 /* EditScanViewController.swift */; };
		EB55EF0F2A0E475A007D7B15 /* AVCaptureVideoOrientation+Utils.swift in Sources */ = {isa = PBXBuildFile; fileRef = EB55EED92A0E4758007D7B15 /* AVCaptureVideoOrientation+Utils.swift */; };
		EB55EF102A0E475A007D7B15 /* CGPoint+Utils.swift in Sources */ = {isa = PBXBuildFile; fileRef = EB55EEDA2A0E4758007D7B15 /* CGPoint+Utils.swift */; };
		EB55EF112A0E475A007D7B15 /* CGSize+Utils.swift in Sources */ = {isa = PBXBuildFile; fileRef = EB55EEDB2A0E4758007D7B15 /* CGSize+Utils.swift */; };
		EB55EF122A0E475A007D7B15 /* CGImagePropertyOrientation.swift in Sources */ = {isa = PBXBuildFile; fileRef = EB55EEDC2A0E4758007D7B15 /* CGImagePropertyOrientation.swift */; };
		EB55EF132A0E475A007D7B15 /* CIImage+Utils.swift in Sources */ = {isa = PBXBuildFile; fileRef = EB55EEDD2A0E4758007D7B15 /* CIImage+Utils.swift */; };
		EB55EF142A0E475A007D7B15 /* CGAffineTransform+Utils.swift in Sources */ = {isa = PBXBuildFile; fileRef = EB55EEDE2A0E4758007D7B15 /* CGAffineTransform+Utils.swift */; };
		EB55EF152A0E475A007D7B15 /* CGRect+Utils.swift in Sources */ = {isa = PBXBuildFile; fileRef = EB55EEDF2A0E4759007D7B15 /* CGRect+Utils.swift */; };
		EB55EF162A0E475A007D7B15 /* Array+Utils.swift in Sources */ = {isa = PBXBuildFile; fileRef = EB55EEE02A0E4759007D7B15 /* Array+Utils.swift */; };
		EB55EF172A0E475A007D7B15 /* UIImage+Orientation.swift in Sources */ = {isa = PBXBuildFile; fileRef = EB55EEE12A0E4759007D7B15 /* UIImage+Orientation.swift */; };
		EB55EF182A0E475A007D7B15 /* UIImage+Utils.swift in Sources */ = {isa = PBXBuildFile; fileRef = EB55EEE22A0E4759007D7B15 /* UIImage+Utils.swift */; };
		EB55EF192A0E475A007D7B15 /* UIImage+SFSymbol.swift in Sources */ = {isa = PBXBuildFile; fileRef = EB55EEE32A0E4759007D7B15 /* UIImage+SFSymbol.swift */; };
		EB55EF1A2A0E475A007D7B15 /* RectangleFeaturesFunnel.swift in Sources */ = {isa = PBXBuildFile; fileRef = EB55EEE52A0E4759007D7B15 /* RectangleFeaturesFunnel.swift */; };
		EB55EF1B2A0E475A007D7B15 /* CaptureSessionManager.swift in Sources */ = {isa = PBXBuildFile; fileRef = EB55EEE62A0E4759007D7B15 /* CaptureSessionManager.swift */; };
		EB55EF1C2A0E475A007D7B15 /* ShutterButton.swift in Sources */ = {isa = PBXBuildFile; fileRef = EB55EEE72A0E4759007D7B15 /* ShutterButton.swift */; };
		EB55EF1D2A0E475A007D7B15 /* CameraScannerViewController.swift in Sources */ = {isa = PBXBuildFile; fileRef = EB55EEE82A0E4759007D7B15 /* CameraScannerViewController.swift */; };
		EB55EF1E2A0E475A007D7B15 /* FocusRectangleView.swift in Sources */ = {isa = PBXBuildFile; fileRef = EB55EEE92A0E4759007D7B15 /* FocusRectangleView.swift */; };
		EB55EF1F2A0E475A007D7B15 /* ScannerViewController.swift in Sources */ = {isa = PBXBuildFile; fileRef = EB55EEEA2A0E4759007D7B15 /* ScannerViewController.swift */; };
		EB55EF202A0E475A007D7B15 /* CaptureSession+Flash.swift in Sources */ = {isa = PBXBuildFile; fileRef = EB55EEEC2A0E4759007D7B15 /* CaptureSession+Flash.swift */; };
		EB55EF212A0E475A007D7B15 /* CaptureSession+Orientation.swift in Sources */ = {isa = PBXBuildFile; fileRef = EB55EEED2A0E4759007D7B15 /* CaptureSession+Orientation.swift */; };
		EB55EF222A0E475A007D7B15 /* CaptureSession.swift in Sources */ = {isa = PBXBuildFile; fileRef = EB55EEEE2A0E4759007D7B15 /* CaptureSession.swift */; };
		EB55EF232A0E475A007D7B15 /* CaptureSession+Focus.swift in Sources */ = {isa = PBXBuildFile; fileRef = EB55EEEF2A0E4759007D7B15 /* CaptureSession+Focus.swift */; };
		EB55EF242A0E475A007D7B15 /* CaptureDevice.swift in Sources */ = {isa = PBXBuildFile; fileRef = EB55EEF12A0E4759007D7B15 /* CaptureDevice.swift */; };
		EB55EF252A0E475A007D7B15 /* Transformable.swift in Sources */ = {isa = PBXBuildFile; fileRef = EB55EEF22A0E4759007D7B15 /* Transformable.swift */; };
		EB55EF262A0E475A007D7B15 /* ReviewViewController.swift in Sources */ = {isa = PBXBuildFile; fileRef = EB55EEF42A0E475A007D7B15 /* ReviewViewController.swift */; };
		EB55EF272A0E475A007D7B15 /* EditScanCornerView.swift in Sources */ = {isa = PBXBuildFile; fileRef = EB55EEF62A0E475A007D7B15 /* EditScanCornerView.swift */; };
		EB55EF282A0E475A007D7B15 /* Error.swift in Sources */ = {isa = PBXBuildFile; fileRef = EB55EEF72A0E475A007D7B15 /* Error.swift */; };
		EB55EF292A0E475A007D7B15 /* VisionRectangleDetector.swift in Sources */ = {isa = PBXBuildFile; fileRef = EB55EEF82A0E475A007D7B15 /* VisionRectangleDetector.swift */; };
		EB55EF2A2A0E475A007D7B15 /* CIRectangleDetector.swift in Sources */ = {isa = PBXBuildFile; fileRef = EB55EEF92A0E475A007D7B15 /* CIRectangleDetector.swift */; };
		EB55EF2B2A0E475A007D7B15 /* QuadrilateralView.swift in Sources */ = {isa = PBXBuildFile; fileRef = EB55EEFA2A0E475A007D7B15 /* QuadrilateralView.swift */; };
		EB55EF2C2A0E475A007D7B15 /* Quadrilateral.swift in Sources */ = {isa = PBXBuildFile; fileRef = EB55EEFB2A0E475A007D7B15 /* Quadrilateral.swift */; };
		EB55EF2F2A0E4767007D7B15 /* WeScanCropManager.swift in Sources */ = {isa = PBXBuildFile; fileRef = EB55EF2E2A0E4767007D7B15 /* WeScanCropManager.swift */; };
		EB55EF312A0E48DB007D7B15 /* ImageScannerController.swift in Sources */ = {isa = PBXBuildFile; fileRef = EB55EF302A0E48DB007D7B15 /* ImageScannerController.swift */; };
		EB9A4D672A28A7CB0044CFDD /* StoreKit.framework in Frameworks */ = {isa = PBXBuildFile; fileRef = EB9A4D662A28A7CB0044CFDD /* StoreKit.framework */; };
		EBAB51662A08AE75003C1838 /* PDfCameraSinglePageControlView.swift in Sources */ = {isa = PBXBuildFile; fileRef = EBAB51652A08AE75003C1838 /* PDfCameraSinglePageControlView.swift */; };
		EBAB51682A08AE9E003C1838 /* PDfCameraBoundDetectControlView.swift in Sources */ = {isa = PBXBuildFile; fileRef = EBAB51672A08AE9E003C1838 /* PDfCameraBoundDetectControlView.swift */; };
		EBAB516A2A08AEF0003C1838 /* PDfCameraSpeedControlView.swift in Sources */ = {isa = PBXBuildFile; fileRef = EBAB51692A08AEF0003C1838 /* PDfCameraSpeedControlView.swift */; };
		EBAB516C2A08AF0A003C1838 /* PDfCameraIdCardControlView.swift in Sources */ = {isa = PBXBuildFile; fileRef = EBAB516B2A08AF0A003C1838 /* PDfCameraIdCardControlView.swift */; };
		EBB3B5A12A1B801600884EA7 /* PDfHistoryRecentVC.swift in Sources */ = {isa = PBXBuildFile; fileRef = EBB3B5A02A1B801600884EA7 /* PDfHistoryRecentVC.swift */; };
		EBCA1A2429FA732400473A6A /* AppDelegate.swift in Sources */ = {isa = PBXBuildFile; fileRef = EBCA1A2329FA732400473A6A /* AppDelegate.swift */; };
		EBCA1A2629FA732400473A6A /* SceneDelegate.swift in Sources */ = {isa = PBXBuildFile; fileRef = EBCA1A2529FA732400473A6A /* SceneDelegate.swift */; };
		EBCA1A2829FA732400473A6A /* ViewController.swift in Sources */ = {isa = PBXBuildFile; fileRef = EBCA1A2729FA732400473A6A /* ViewController.swift */; };
		EBCA1A2B29FA732400473A6A /* Main.storyboard in Resources */ = {isa = PBXBuildFile; fileRef = EBCA1A2929FA732400473A6A /* Main.storyboard */; };
		EBCA1A2D29FA732600473A6A /* Assets.xcassets in Resources */ = {isa = PBXBuildFile; fileRef = EBCA1A2C29FA732600473A6A /* Assets.xcassets */; };
		EBCA1A3029FA732600473A6A /* LaunchScreen.storyboard in Resources */ = {isa = PBXBuildFile; fileRef = EBCA1A2E29FA732600473A6A /* LaunchScreen.storyboard */; };
		EBCA1A3829FA78D100473A6A /* PDfScanCAmeraVC.swift in Sources */ = {isa = PBXBuildFile; fileRef = EBCA1A3729FA78D100473A6A /* PDfScanCAmeraVC.swift */; };
		EBCA1A3C29FA7B2A00473A6A /* TEstViewController.m in Sources */ = {isa = PBXBuildFile; fileRef = EBCA1A3B29FA7B2A00473A6A /* TEstViewController.m */; };
		EBCA1A5029FA7B3100473A6A /* UIColor+MADColor.m in Sources */ = {isa = PBXBuildFile; fileRef = EBCA1A4029FA7B3000473A6A /* UIColor+MADColor.m */; };
		EBCA1A5129FA7B3100473A6A /* MADCGTransfromHelper.m in Sources */ = {isa = PBXBuildFile; fileRef = EBCA1A4629FA7B3000473A6A /* MADCGTransfromHelper.m */; };
		EBCA1A5229FA7B3100473A6A /* MADCameraCaptureController.m in Sources */ = {isa = PBXBuildFile; fileRef = EBCA1A4729FA7B3000473A6A /* MADCameraCaptureController.m */; };
		EBCA1A5329FA7B3100473A6A /* MADSnapshotButton.m in Sources */ = {isa = PBXBuildFile; fileRef = EBCA1A4A29FA7B3000473A6A /* MADSnapshotButton.m */; };
		EBCA1A5429FA7B3100473A6A /* MADCameraCaptureView.m in Sources */ = {isa = PBXBuildFile; fileRef = EBCA1A4B29FA7B3000473A6A /* MADCameraCaptureView.m */; };
		EBCA1A5529FA7B3100473A6A /* MADCropScaleView.m in Sources */ = {isa = PBXBuildFile; fileRef = EBCA1A4C29FA7B3000473A6A /* MADCropScaleView.m */; };
		EBCA1A5629FA7B3100473A6A /* MADCropScaleController.m in Sources */ = {isa = PBXBuildFile; fileRef = EBCA1A4F29FA7B3000473A6A /* MADCropScaleController.m */; };
		EBCA1A6529FBCACC00473A6A /* SF-Pro-Text-Bold.otf in Resources */ = {isa = PBXBuildFile; fileRef = EBCA1A6029FBCAC900473A6A /* SF-Pro-Text-Bold.otf */; };
		EBCA1A6629FBCACC00473A6A /* SF-Pro-Text-Regular.otf in Resources */ = {isa = PBXBuildFile; fileRef = EBCA1A6129FBCACA00473A6A /* SF-Pro-Text-Regular.otf */; };
		EBCA1A6729FBCACC00473A6A /* SF-Pro-Text-Black.otf in Resources */ = {isa = PBXBuildFile; fileRef = EBCA1A6229FBCACB00473A6A /* SF-Pro-Text-Black.otf */; };
		EBCA1A6829FBCACC00473A6A /* SF-Pro-Text-Semibold.otf in Resources */ = {isa = PBXBuildFile; fileRef = EBCA1A6329FBCACB00473A6A /* SF-Pro-Text-Semibold.otf */; };
		EBCA1A6929FBCACC00473A6A /* SF-Pro-Text-Medium.otf in Resources */ = {isa = PBXBuildFile; fileRef = EBCA1A6429FBCACC00473A6A /* SF-Pro-Text-Medium.otf */; };
		EBCA1A6D29FBCFF300473A6A /* Montserrat-Bold.ttf in Resources */ = {isa = PBXBuildFile; fileRef = EBCA1A6A29FBCFF200473A6A /* Montserrat-Bold.ttf */; };
		EBCA1A6E29FBCFF300473A6A /* Montserrat-Light.ttf in Resources */ = {isa = PBXBuildFile; fileRef = EBCA1A6B29FBCFF200473A6A /* Montserrat-Light.ttf */; };
		EBCA1A6F29FBCFF300473A6A /* Montserrat-Medium.otf in Resources */ = {isa = PBXBuildFile; fileRef = EBCA1A6C29FBCFF300473A6A /* Montserrat-Medium.otf */; };
		EBCA1A7129FBCFFB00473A6A /* Montserrat-Regular.ttf in Resources */ = {isa = PBXBuildFile; fileRef = EBCA1A7029FBCFFA00473A6A /* Montserrat-Regular.ttf */; };
		EBCA1A7329FBD00100473A6A /* Montserrat-SemiBold.ttf in Resources */ = {isa = PBXBuildFile; fileRef = EBCA1A7229FBD00100473A6A /* Montserrat-SemiBold.ttf */; };
		EBCA1A7529FBD1A400473A6A /* PDfMakTool.swift in Sources */ = {isa = PBXBuildFile; fileRef = EBCA1A7429FBD1A400473A6A /* PDfMakTool.swift */; };
/* End PBXBuildFile section */

/* Begin PBXFileReference section */
		06005B817620887ECC0A0E14 /* Pods_PDfMaker.framework */ = {isa = PBXFileReference; explicitFileType = wrapper.framework; includeInIndex = 0; path = Pods_PDfMaker.framework; sourceTree = BUILT_PRODUCTS_DIR; };
		B8284C125E2BFADD0E5EECBA /* Pods-PDfMaker.release.xcconfig */ = {isa = PBXFileReference; includeInIndex = 1; lastKnownFileType = text.xcconfig; name = "Pods-PDfMaker.release.xcconfig"; path = "Target Support Files/Pods-PDfMaker/Pods-PDfMaker.release.xcconfig"; sourceTree = "<group>"; };
		D88C1EE22A18D0C60040CE44 /* PDfHomeRecentListView.swift */ = {isa = PBXFileReference; lastKnownFileType = sourcecode.swift; path = PDfHomeRecentListView.swift; sourceTree = "<group>"; };
		D88C1EE62A1912470040CE44 /* PDfSettingPage.swift */ = {isa = PBXFileReference; lastKnownFileType = sourcecode.swift; path = PDfSettingPage.swift; sourceTree = "<group>"; };
		D88C1EE82A1E59360040CE44 /* PDfSubscribeStoreManager.swift */ = {isa = PBXFileReference; lastKnownFileType = sourcecode.swift; path = PDfSubscribeStoreManager.swift; sourceTree = "<group>"; };
		D88C8A4D2A0E808A00CE73F2 /* PDfPhotoCropVC.swift */ = {isa = PBXFileReference; lastKnownFileType = sourcecode.swift; path = PDfPhotoCropVC.swift; sourceTree = "<group>"; };
		D88C8A4F2A0F5FA800CE73F2 /* PDfPhotoRotateVC.swift */ = {isa = PBXFileReference; lastKnownFileType = sourcecode.swift; path = PDfPhotoRotateVC.swift; sourceTree = "<group>"; };
		D88C8A512A108DF800CE73F2 /* PDfPhotosEditVC.swift */ = {isa = PBXFileReference; lastKnownFileType = sourcecode.swift; path = PDfPhotosEditVC.swift; sourceTree = "<group>"; };
		D8E769BC2A22246B008BD289 /* configstore.storekit */ = {isa = PBXFileReference; lastKnownFileType = text; path = configstore.storekit; sourceTree = "<group>"; };
		D8E769C92A278B1A008BD289 /* PDfGoSplashGuideVC.swift */ = {isa = PBXFileReference; lastKnownFileType = sourcecode.swift; path = PDfGoSplashGuideVC.swift; sourceTree = "<group>"; };
		E52D1A920AE5670DF263E6C2 /* Pods-PDfMaker.debug.xcconfig */ = {isa = PBXFileReference; includeInIndex = 1; lastKnownFileType = text.xcconfig; name = "Pods-PDfMaker.debug.xcconfig"; path = "Target Support Files/Pods-PDfMaker/Pods-PDfMaker.debug.xcconfig"; sourceTree = "<group>"; };
		EB0F0CAB2A1F67960093F471 /* PDfGoPremiumVC.swift */ = {isa = PBXFileReference; lastKnownFileType = sourcecode.swift; path = PDfGoPremiumVC.swift; sourceTree = "<group>"; };
		EB340FC72A123F2D007C8DD1 /* PDfWePreviewVC.swift */ = {isa = PBXFileReference; lastKnownFileType = sourcecode.swift; path = PDfWePreviewVC.swift; sourceTree = "<group>"; };
		EB55EEA62A0E3900007D7B15 /* PDfPhotoCropView.swift */ = {isa = PBXFileReference; lastKnownFileType = sourcecode.swift; path = PDfPhotoCropView.swift; sourceTree = "<group>"; };
		EB55EED52A0E4758007D7B15 /* EditImageViewController.swift */ = {isa = PBXFileReference; fileEncoding = 4; lastKnownFileType = sourcecode.swift; path = EditImageViewController.swift; sourceTree = "<group>"; };
		EB55EED62A0E4758007D7B15 /* ZoomGestureController.swift */ = {isa = PBXFileReference; fileEncoding = 4; lastKnownFileType = sourcecode.swift; path = ZoomGestureController.swift; sourceTree = "<group>"; };
		EB55EED72A0E4758007D7B15 /* EditScanViewController.swift */ = {isa = PBXFileReference; fileEncoding = 4; lastKnownFileType = sourcecode.swift; path = EditScanViewController.swift; sourceTree = "<group>"; };
		EB55EED92A0E4758007D7B15 /* AVCaptureVideoOrientation+Utils.swift */ = {isa = PBXFileReference; fileEncoding = 4; lastKnownFileType = sourcecode.swift; path = "AVCaptureVideoOrientation+Utils.swift"; sourceTree = "<group>"; };
		EB55EEDA2A0E4758007D7B15 /* CGPoint+Utils.swift */ = {isa = PBXFileReference; fileEncoding = 4; lastKnownFileType = sourcecode.swift; path = "CGPoint+Utils.swift"; sourceTree = "<group>"; };
		EB55EEDB2A0E4758007D7B15 /* CGSize+Utils.swift */ = {isa = PBXFileReference; fileEncoding = 4; lastKnownFileType = sourcecode.swift; path = "CGSize+Utils.swift"; sourceTree = "<group>"; };
		EB55EEDC2A0E4758007D7B15 /* CGImagePropertyOrientation.swift */ = {isa = PBXFileReference; fileEncoding = 4; lastKnownFileType = sourcecode.swift; path = CGImagePropertyOrientation.swift; sourceTree = "<group>"; };
		EB55EEDD2A0E4758007D7B15 /* CIImage+Utils.swift */ = {isa = PBXFileReference; fileEncoding = 4; lastKnownFileType = sourcecode.swift; path = "CIImage+Utils.swift"; sourceTree = "<group>"; };
		EB55EEDE2A0E4758007D7B15 /* CGAffineTransform+Utils.swift */ = {isa = PBXFileReference; fileEncoding = 4; lastKnownFileType = sourcecode.swift; path = "CGAffineTransform+Utils.swift"; sourceTree = "<group>"; };
		EB55EEDF2A0E4759007D7B15 /* CGRect+Utils.swift */ = {isa = PBXFileReference; fileEncoding = 4; lastKnownFileType = sourcecode.swift; path = "CGRect+Utils.swift"; sourceTree = "<group>"; };
		EB55EEE02A0E4759007D7B15 /* Array+Utils.swift */ = {isa = PBXFileReference; fileEncoding = 4; lastKnownFileType = sourcecode.swift; path = "Array+Utils.swift"; sourceTree = "<group>"; };
		EB55EEE12A0E4759007D7B15 /* UIImage+Orientation.swift */ = {isa = PBXFileReference; fileEncoding = 4; lastKnownFileType = sourcecode.swift; path = "UIImage+Orientation.swift"; sourceTree = "<group>"; };
		EB55EEE22A0E4759007D7B15 /* UIImage+Utils.swift */ = {isa = PBXFileReference; fileEncoding = 4; lastKnownFileType = sourcecode.swift; path = "UIImage+Utils.swift"; sourceTree = "<group>"; };
		EB55EEE32A0E4759007D7B15 /* UIImage+SFSymbol.swift */ = {isa = PBXFileReference; fileEncoding = 4; lastKnownFileType = sourcecode.swift; path = "UIImage+SFSymbol.swift"; sourceTree = "<group>"; };
		EB55EEE52A0E4759007D7B15 /* RectangleFeaturesFunnel.swift */ = {isa = PBXFileReference; fileEncoding = 4; lastKnownFileType = sourcecode.swift; path = RectangleFeaturesFunnel.swift; sourceTree = "<group>"; };
		EB55EEE62A0E4759007D7B15 /* CaptureSessionManager.swift */ = {isa = PBXFileReference; fileEncoding = 4; lastKnownFileType = sourcecode.swift; path = CaptureSessionManager.swift; sourceTree = "<group>"; };
		EB55EEE72A0E4759007D7B15 /* ShutterButton.swift */ = {isa = PBXFileReference; fileEncoding = 4; lastKnownFileType = sourcecode.swift; path = ShutterButton.swift; sourceTree = "<group>"; };
		EB55EEE82A0E4759007D7B15 /* CameraScannerViewController.swift */ = {isa = PBXFileReference; fileEncoding = 4; lastKnownFileType = sourcecode.swift; path = CameraScannerViewController.swift; sourceTree = "<group>"; };
		EB55EEE92A0E4759007D7B15 /* FocusRectangleView.swift */ = {isa = PBXFileReference; fileEncoding = 4; lastKnownFileType = sourcecode.swift; path = FocusRectangleView.swift; sourceTree = "<group>"; };
		EB55EEEA2A0E4759007D7B15 /* ScannerViewController.swift */ = {isa = PBXFileReference; fileEncoding = 4; lastKnownFileType = sourcecode.swift; path = ScannerViewController.swift; sourceTree = "<group>"; };
		EB55EEEC2A0E4759007D7B15 /* CaptureSession+Flash.swift */ = {isa = PBXFileReference; fileEncoding = 4; lastKnownFileType = sourcecode.swift; path = "CaptureSession+Flash.swift"; sourceTree = "<group>"; };
		EB55EEED2A0E4759007D7B15 /* CaptureSession+Orientation.swift */ = {isa = PBXFileReference; fileEncoding = 4; lastKnownFileType = sourcecode.swift; path = "CaptureSession+Orientation.swift"; sourceTree = "<group>"; };
		EB55EEEE2A0E4759007D7B15 /* CaptureSession.swift */ = {isa = PBXFileReference; fileEncoding = 4; lastKnownFileType = sourcecode.swift; path = CaptureSession.swift; sourceTree = "<group>"; };
		EB55EEEF2A0E4759007D7B15 /* CaptureSession+Focus.swift */ = {isa = PBXFileReference; fileEncoding = 4; lastKnownFileType = sourcecode.swift; path = "CaptureSession+Focus.swift"; sourceTree = "<group>"; };
		EB55EEF12A0E4759007D7B15 /* CaptureDevice.swift */ = {isa = PBXFileReference; fileEncoding = 4; lastKnownFileType = sourcecode.swift; path = CaptureDevice.swift; sourceTree = "<group>"; };
		EB55EEF22A0E4759007D7B15 /* Transformable.swift */ = {isa = PBXFileReference; fileEncoding = 4; lastKnownFileType = sourcecode.swift; path = Transformable.swift; sourceTree = "<group>"; };
		EB55EEF42A0E475A007D7B15 /* ReviewViewController.swift */ = {isa = PBXFileReference; fileEncoding = 4; lastKnownFileType = sourcecode.swift; path = ReviewViewController.swift; sourceTree = "<group>"; };
		EB55EEF62A0E475A007D7B15 /* EditScanCornerView.swift */ = {isa = PBXFileReference; fileEncoding = 4; lastKnownFileType = sourcecode.swift; path = EditScanCornerView.swift; sourceTree = "<group>"; };
		EB55EEF72A0E475A007D7B15 /* Error.swift */ = {isa = PBXFileReference; fileEncoding = 4; lastKnownFileType = sourcecode.swift; path = Error.swift; sourceTree = "<group>"; };
		EB55EEF82A0E475A007D7B15 /* VisionRectangleDetector.swift */ = {isa = PBXFileReference; fileEncoding = 4; lastKnownFileType = sourcecode.swift; path = VisionRectangleDetector.swift; sourceTree = "<group>"; };
		EB55EEF92A0E475A007D7B15 /* CIRectangleDetector.swift */ = {isa = PBXFileReference; fileEncoding = 4; lastKnownFileType = sourcecode.swift; path = CIRectangleDetector.swift; sourceTree = "<group>"; };
		EB55EEFA2A0E475A007D7B15 /* QuadrilateralView.swift */ = {isa = PBXFileReference; fileEncoding = 4; lastKnownFileType = sourcecode.swift; path = QuadrilateralView.swift; sourceTree = "<group>"; };
		EB55EEFB2A0E475A007D7B15 /* Quadrilateral.swift */ = {isa = PBXFileReference; fileEncoding = 4; lastKnownFileType = sourcecode.swift; path = Quadrilateral.swift; sourceTree = "<group>"; };
		EB55EF2E2A0E4767007D7B15 /* WeScanCropManager.swift */ = {isa = PBXFileReference; lastKnownFileType = sourcecode.swift; path = WeScanCropManager.swift; sourceTree = "<group>"; };
		EB55EF302A0E48DB007D7B15 /* ImageScannerController.swift */ = {isa = PBXFileReference; fileEncoding = 4; lastKnownFileType = sourcecode.swift; path = ImageScannerController.swift; sourceTree = "<group>"; };
		EB9A4D662A28A7CB0044CFDD /* StoreKit.framework */ = {isa = PBXFileReference; lastKnownFileType = wrapper.framework; name = StoreKit.framework; path = System/Library/Frameworks/StoreKit.framework; sourceTree = SDKROOT; };
		EBAB51652A08AE75003C1838 /* PDfCameraSinglePageControlView.swift */ = {isa = PBXFileReference; lastKnownFileType = sourcecode.swift; path = PDfCameraSinglePageControlView.swift; sourceTree = "<group>"; };
		EBAB51672A08AE9E003C1838 /* PDfCameraBoundDetectControlView.swift */ = {isa = PBXFileReference; lastKnownFileType = sourcecode.swift; path = PDfCameraBoundDetectControlView.swift; sourceTree = "<group>"; };
		EBAB51692A08AEF0003C1838 /* PDfCameraSpeedControlView.swift */ = {isa = PBXFileReference; lastKnownFileType = sourcecode.swift; path = PDfCameraSpeedControlView.swift; sourceTree = "<group>"; };
		EBAB516B2A08AF0A003C1838 /* PDfCameraIdCardControlView.swift */ = {isa = PBXFileReference; lastKnownFileType = sourcecode.swift; path = PDfCameraIdCardControlView.swift; sourceTree = "<group>"; };
		EBB3B5A02A1B801600884EA7 /* PDfHistoryRecentVC.swift */ = {isa = PBXFileReference; lastKnownFileType = sourcecode.swift; path = PDfHistoryRecentVC.swift; sourceTree = "<group>"; };
		EBCA1A2029FA732400473A6A /* PDfMaker.app */ = {isa = PBXFileReference; explicitFileType = wrapper.application; includeInIndex = 0; path = PDfMaker.app; sourceTree = BUILT_PRODUCTS_DIR; };
		EBCA1A2329FA732400473A6A /* AppDelegate.swift */ = {isa = PBXFileReference; lastKnownFileType = sourcecode.swift; path = AppDelegate.swift; sourceTree = "<group>"; };
		EBCA1A2529FA732400473A6A /* SceneDelegate.swift */ = {isa = PBXFileReference; lastKnownFileType = sourcecode.swift; path = SceneDelegate.swift; sourceTree = "<group>"; };
		EBCA1A2729FA732400473A6A /* ViewController.swift */ = {isa = PBXFileReference; lastKnownFileType = sourcecode.swift; path = ViewController.swift; sourceTree = "<group>"; };
		EBCA1A2A29FA732400473A6A /* Base */ = {isa = PBXFileReference; lastKnownFileType = file.storyboard; name = Base; path = Base.lproj/Main.storyboard; sourceTree = "<group>"; };
		EBCA1A2C29FA732600473A6A /* Assets.xcassets */ = {isa = PBXFileReference; lastKnownFileType = folder.assetcatalog; path = Assets.xcassets; sourceTree = "<group>"; };
		EBCA1A2F29FA732600473A6A /* Base */ = {isa = PBXFileReference; lastKnownFileType = file.storyboard; name = Base; path = Base.lproj/LaunchScreen.storyboard; sourceTree = "<group>"; };
		EBCA1A3129FA732600473A6A /* Info.plist */ = {isa = PBXFileReference; lastKnownFileType = text.plist.xml; path = Info.plist; sourceTree = "<group>"; };
		EBCA1A3729FA78D100473A6A /* PDfScanCAmeraVC.swift */ = {isa = PBXFileReference; lastKnownFileType = sourcecode.swift; path = PDfScanCAmeraVC.swift; sourceTree = "<group>"; };
		EBCA1A3929FA7B2A00473A6A /* PDfMaker-Bridging-Header.h */ = {isa = PBXFileReference; lastKnownFileType = sourcecode.c.h; path = "PDfMaker-Bridging-Header.h"; sourceTree = "<group>"; };
		EBCA1A3A29FA7B2A00473A6A /* TEstViewController.h */ = {isa = PBXFileReference; lastKnownFileType = sourcecode.c.h; path = TEstViewController.h; sourceTree = "<group>"; };
		EBCA1A3B29FA7B2A00473A6A /* TEstViewController.m */ = {isa = PBXFileReference; lastKnownFileType = sourcecode.c.objc; path = TEstViewController.m; sourceTree = "<group>"; };
		EBCA1A3E29FA7B3000473A6A /* MADCameraCaptureController.h */ = {isa = PBXFileReference; fileEncoding = 4; lastKnownFileType = sourcecode.c.h; path = MADCameraCaptureController.h; sourceTree = "<group>"; };
		EBCA1A4029FA7B3000473A6A /* UIColor+MADColor.m */ = {isa = PBXFileReference; fileEncoding = 4; lastKnownFileType = sourcecode.c.objc; path = "UIColor+MADColor.m"; sourceTree = "<group>"; };
		EBCA1A4129FA7B3000473A6A /* UIColor+MADColor.h */ = {isa = PBXFileReference; fileEncoding = 4; lastKnownFileType = sourcecode.c.h; path = "UIColor+MADColor.h"; sourceTree = "<group>"; };
		EBCA1A4229FA7B3000473A6A /* MADCropScaleController.h */ = {isa = PBXFileReference; fileEncoding = 4; lastKnownFileType = sourcecode.c.h; path = MADCropScaleController.h; sourceTree = "<group>"; };
		EBCA1A4429FA7B3000473A6A /* MADCGTransfromHelper.h */ = {isa = PBXFileReference; fileEncoding = 4; lastKnownFileType = sourcecode.c.h; path = MADCGTransfromHelper.h; sourceTree = "<group>"; };
		EBCA1A4529FA7B3000473A6A /* MADMacroDefines.h */ = {isa = PBXFileReference; fileEncoding = 4; lastKnownFileType = sourcecode.c.h; path = MADMacroDefines.h; sourceTree = "<group>"; };
		EBCA1A4629FA7B3000473A6A /* MADCGTransfromHelper.m */ = {isa = PBXFileReference; fileEncoding = 4; lastKnownFileType = sourcecode.c.objc; path = MADCGTransfromHelper.m; sourceTree = "<group>"; };
		EBCA1A4729FA7B3000473A6A /* MADCameraCaptureController.m */ = {isa = PBXFileReference; fileEncoding = 4; lastKnownFileType = sourcecode.c.objc; path = MADCameraCaptureController.m; sourceTree = "<group>"; };
		EBCA1A4929FA7B3000473A6A /* MADCropScaleView.h */ = {isa = PBXFileReference; fileEncoding = 4; lastKnownFileType = sourcecode.c.h; path = MADCropScaleView.h; sourceTree = "<group>"; };
		EBCA1A4A29FA7B3000473A6A /* MADSnapshotButton.m */ = {isa = PBXFileReference; fileEncoding = 4; lastKnownFileType = sourcecode.c.objc; path = MADSnapshotButton.m; sourceTree = "<group>"; };
		EBCA1A4B29FA7B3000473A6A /* MADCameraCaptureView.m */ = {isa = PBXFileReference; fileEncoding = 4; lastKnownFileType = sourcecode.c.objc; path = MADCameraCaptureView.m; sourceTree = "<group>"; };
		EBCA1A4C29FA7B3000473A6A /* MADCropScaleView.m */ = {isa = PBXFileReference; fileEncoding = 4; lastKnownFileType = sourcecode.c.objc; path = MADCropScaleView.m; sourceTree = "<group>"; };
		EBCA1A4D29FA7B3000473A6A /* MADSnapshotButton.h */ = {isa = PBXFileReference; fileEncoding = 4; lastKnownFileType = sourcecode.c.h; path = MADSnapshotButton.h; sourceTree = "<group>"; };
		EBCA1A4E29FA7B3000473A6A /* MADCameraCaptureView.h */ = {isa = PBXFileReference; fileEncoding = 4; lastKnownFileType = sourcecode.c.h; path = MADCameraCaptureView.h; sourceTree = "<group>"; };
		EBCA1A4F29FA7B3000473A6A /* MADCropScaleController.m */ = {isa = PBXFileReference; fileEncoding = 4; lastKnownFileType = sourcecode.c.objc; path = MADCropScaleController.m; sourceTree = "<group>"; };
		EBCA1A6029FBCAC900473A6A /* SF-Pro-Text-Bold.otf */ = {isa = PBXFileReference; lastKnownFileType = file; path = "SF-Pro-Text-Bold.otf"; sourceTree = "<group>"; };
		EBCA1A6129FBCACA00473A6A /* SF-Pro-Text-Regular.otf */ = {isa = PBXFileReference; lastKnownFileType = file; path = "SF-Pro-Text-Regular.otf"; sourceTree = "<group>"; };
		EBCA1A6229FBCACB00473A6A /* SF-Pro-Text-Black.otf */ = {isa = PBXFileReference; lastKnownFileType = file; path = "SF-Pro-Text-Black.otf"; sourceTree = "<group>"; };
		EBCA1A6329FBCACB00473A6A /* SF-Pro-Text-Semibold.otf */ = {isa = PBXFileReference; lastKnownFileType = file; path = "SF-Pro-Text-Semibold.otf"; sourceTree = "<group>"; };
		EBCA1A6429FBCACC00473A6A /* SF-Pro-Text-Medium.otf */ = {isa = PBXFileReference; lastKnownFileType = file; path = "SF-Pro-Text-Medium.otf"; sourceTree = "<group>"; };
		EBCA1A6A29FBCFF200473A6A /* Montserrat-Bold.ttf */ = {isa = PBXFileReference; lastKnownFileType = file; path = "Montserrat-Bold.ttf"; sourceTree = "<group>"; };
		EBCA1A6B29FBCFF200473A6A /* Montserrat-Light.ttf */ = {isa = PBXFileReference; lastKnownFileType = file; path = "Montserrat-Light.ttf"; sourceTree = "<group>"; };
		EBCA1A6C29FBCFF300473A6A /* Montserrat-Medium.otf */ = {isa = PBXFileReference; lastKnownFileType = file; path = "Montserrat-Medium.otf"; sourceTree = "<group>"; };
		EBCA1A7029FBCFFA00473A6A /* Montserrat-Regular.ttf */ = {isa = PBXFileReference; lastKnownFileType = file; path = "Montserrat-Regular.ttf"; sourceTree = "<group>"; };
		EBCA1A7229FBD00100473A6A /* Montserrat-SemiBold.ttf */ = {isa = PBXFileReference; lastKnownFileType = file; path = "Montserrat-SemiBold.ttf"; sourceTree = "<group>"; };
		EBCA1A7429FBD1A400473A6A /* PDfMakTool.swift */ = {isa = PBXFileReference; lastKnownFileType = sourcecode.swift; path = PDfMakTool.swift; sourceTree = "<group>"; };
/* End PBXFileReference section */

/* Begin PBXFrameworksBuildPhase section */
		EBCA1A1D29FA732400473A6A /* Frameworks */ = {
			isa = PBXFrameworksBuildPhase;
			buildActionMask = 2147483647;
			files = (
				54220C83F2D4C68E72D35FC8 /* Pods_PDfMaker.framework in Frameworks */,
				EB9A4D672A28A7CB0044CFDD /* StoreKit.framework in Frameworks */,
			);
			runOnlyForDeploymentPostprocessing = 0;
		};
/* End PBXFrameworksBuildPhase section */

/* Begin PBXGroup section */
		014B35B4470D01CE566F1D0B /* Pods */ = {
			isa = PBXGroup;
			children = (
				E52D1A920AE5670DF263E6C2 /* Pods-PDfMaker.debug.xcconfig */,
				B8284C125E2BFADD0E5EECBA /* Pods-PDfMaker.release.xcconfig */,
			);
			path = Pods;
			sourceTree = "<group>";
		};
		1ED9753DDCBEA3F70FCCC0CE /* Frameworks */ = {
			isa = PBXGroup;
			children = (
				EB9A4D662A28A7CB0044CFDD /* StoreKit.framework */,
				06005B817620887ECC0A0E14 /* Pods_PDfMaker.framework */,
			);
			name = Frameworks;
			sourceTree = "<group>";
		};
		D88C1EE12A18D0A60040CE44 /* HomeViews */ = {
			isa = PBXGroup;
			children = (
				D88C1EE22A18D0C60040CE44 /* PDfHomeRecentListView.swift */,
				D88C1EE62A1912470040CE44 /* PDfSettingPage.swift */,
			);
			path = HomeViews;
			sourceTree = "<group>";
		};
		EB340FC42A121DDB007C8DD1 /* Manager */ = {
			isa = PBXGroup;
			children = (
				EBCA1A7429FBD1A400473A6A /* PDfMakTool.swift */,
				D88C1EE82A1E59360040CE44 /* PDfSubscribeStoreManager.swift */,
			);
			path = Manager;
			sourceTree = "<group>";
		};
		EB55EEB02A0E468F007D7B15 /* WeScanCrop */ = {
			isa = PBXGroup;
			children = (
				EB55EEF52A0E475A007D7B15 /* Common */,
				EB55EED42A0E4758007D7B15 /* Edit */,
				EB55EED82A0E4758007D7B15 /* Extensions */,
				EB55EEF02A0E4759007D7B15 /* Protocols */,
				EB55EEF32A0E475A007D7B15 /* Review */,
				EB55EEE42A0E4759007D7B15 /* Scan */,
				EB55EEEB2A0E4759007D7B15 /* Session */,
				EB55EF2E2A0E4767007D7B15 /* WeScanCropManager.swift */,
				EB55EF302A0E48DB007D7B15 /* ImageScannerController.swift */,
			);
			path = WeScanCrop;
			sourceTree = "<group>";
		};
		EB55EED42A0E4758007D7B15 /* Edit */ = {
			isa = PBXGroup;
			children = (
				EB55EED52A0E4758007D7B15 /* EditImageViewController.swift */,
				EB55EED62A0E4758007D7B15 /* ZoomGestureController.swift */,
				EB55EED72A0E4758007D7B15 /* EditScanViewController.swift */,
			);
			path = Edit;
			sourceTree = "<group>";
		};
		EB55EED82A0E4758007D7B15 /* Extensions */ = {
			isa = PBXGroup;
			children = (
				EB55EED92A0E4758007D7B15 /* AVCaptureVideoOrientation+Utils.swift */,
				EB55EEDA2A0E4758007D7B15 /* CGPoint+Utils.swift */,
				EB55EEDB2A0E4758007D7B15 /* CGSize+Utils.swift */,
				EB55EEDC2A0E4758007D7B15 /* CGImagePropertyOrientation.swift */,
				EB55EEDD2A0E4758007D7B15 /* CIImage+Utils.swift */,
				EB55EEDE2A0E4758007D7B15 /* CGAffineTransform+Utils.swift */,
				EB55EEDF2A0E4759007D7B15 /* CGRect+Utils.swift */,
				EB55EEE02A0E4759007D7B15 /* Array+Utils.swift */,
				EB55EEE12A0E4759007D7B15 /* UIImage+Orientation.swift */,
				EB55EEE22A0E4759007D7B15 /* UIImage+Utils.swift */,
				EB55EEE32A0E4759007D7B15 /* UIImage+SFSymbol.swift */,
			);
			path = Extensions;
			sourceTree = "<group>";
		};
		EB55EEE42A0E4759007D7B15 /* Scan */ = {
			isa = PBXGroup;
			children = (
				EB55EEE52A0E4759007D7B15 /* RectangleFeaturesFunnel.swift */,
				EB55EEE62A0E4759007D7B15 /* CaptureSessionManager.swift */,
				EB55EEE72A0E4759007D7B15 /* ShutterButton.swift */,
				EB55EEE82A0E4759007D7B15 /* CameraScannerViewController.swift */,
				EB55EEE92A0E4759007D7B15 /* FocusRectangleView.swift */,
				EB55EEEA2A0E4759007D7B15 /* ScannerViewController.swift */,
			);
			path = Scan;
			sourceTree = "<group>";
		};
		EB55EEEB2A0E4759007D7B15 /* Session */ = {
			isa = PBXGroup;
			children = (
				EB55EEEC2A0E4759007D7B15 /* CaptureSession+Flash.swift */,
				EB55EEED2A0E4759007D7B15 /* CaptureSession+Orientation.swift */,
				EB55EEEE2A0E4759007D7B15 /* CaptureSession.swift */,
				EB55EEEF2A0E4759007D7B15 /* CaptureSession+Focus.swift */,
			);
			path = Session;
			sourceTree = "<group>";
		};
		EB55EEF02A0E4759007D7B15 /* Protocols */ = {
			isa = PBXGroup;
			children = (
				EB55EEF12A0E4759007D7B15 /* CaptureDevice.swift */,
				EB55EEF22A0E4759007D7B15 /* Transformable.swift */,
			);
			path = Protocols;
			sourceTree = "<group>";
		};
		EB55EEF32A0E475A007D7B15 /* Review */ = {
			isa = PBXGroup;
			children = (
				EB55EEF42A0E475A007D7B15 /* ReviewViewController.swift */,
			);
			path = Review;
			sourceTree = "<group>";
		};
		EB55EEF52A0E475A007D7B15 /* Common */ = {
			isa = PBXGroup;
			children = (
				EB55EEF62A0E475A007D7B15 /* EditScanCornerView.swift */,
				EB55EEF72A0E475A007D7B15 /* Error.swift */,
				EB55EEF82A0E475A007D7B15 /* VisionRectangleDetector.swift */,
				EB55EEF92A0E475A007D7B15 /* CIRectangleDetector.swift */,
				EB55EEFA2A0E475A007D7B15 /* QuadrilateralView.swift */,
				EB55EEFB2A0E475A007D7B15 /* Quadrilateral.swift */,
			);
			path = Common;
			sourceTree = "<group>";
		};
		EBAB51642A08ADC5003C1838 /* CameraViews */ = {
			isa = PBXGroup;
			children = (
				EBAB51652A08AE75003C1838 /* PDfCameraSinglePageControlView.swift */,
				EBAB51672A08AE9E003C1838 /* PDfCameraBoundDetectControlView.swift */,
				EBAB51692A08AEF0003C1838 /* PDfCameraSpeedControlView.swift */,
				EBAB516B2A08AF0A003C1838 /* PDfCameraIdCardControlView.swift */,
				EB55EEA62A0E3900007D7B15 /* PDfPhotoCropView.swift */,
			);
			path = CameraViews;
			sourceTree = "<group>";
		};
		EBCA1A1729FA732300473A6A = {
			isa = PBXGroup;
			children = (
				EBCA1A2229FA732400473A6A /* PDfMaker */,
				EBCA1A2129FA732400473A6A /* Products */,
				014B35B4470D01CE566F1D0B /* Pods */,
				1ED9753DDCBEA3F70FCCC0CE /* Frameworks */,
			);
			sourceTree = "<group>";
		};
		EBCA1A2129FA732400473A6A /* Products */ = {
			isa = PBXGroup;
			children = (
				EBCA1A2029FA732400473A6A /* PDfMaker.app */,
			);
			name = Products;
			sourceTree = "<group>";
		};
		EBCA1A2229FA732400473A6A /* PDfMaker */ = {
			isa = PBXGroup;
			children = (
				EBCA1A2329FA732400473A6A /* AppDelegate.swift */,
				EBCA1A2529FA732400473A6A /* SceneDelegate.swift */,
				EBCA1A2729FA732400473A6A /* ViewController.swift */,
				EBCA1A2C29FA732600473A6A /* Assets.xcassets */,
				EBCA1A3129FA732600473A6A /* Info.plist */,
				EBCA1A2E29FA732600473A6A /* LaunchScreen.storyboard */,
				EBCA1A2929FA732400473A6A /* Main.storyboard */,
				EBCA1A3929FA7B2A00473A6A /* PDfMaker-Bridging-Header.h */,
				D88C1EE12A18D0A60040CE44 /* HomeViews */,
				EB340FC42A121DDB007C8DD1 /* Manager */,
				EBCA1A3D29FA7B3000473A6A /* Capture */,
				EBCA1A3729FA78D100473A6A /* PDfScanCAmeraVC.swift */,
				D88C8A512A108DF800CE73F2 /* PDfPhotosEditVC.swift */,
				EB340FC72A123F2D007C8DD1 /* PDfWePreviewVC.swift */,
				D88C8A4D2A0E808A00CE73F2 /* PDfPhotoCropVC.swift */,
				D88C8A4F2A0F5FA800CE73F2 /* PDfPhotoRotateVC.swift */,
				EBB3B5A02A1B801600884EA7 /* PDfHistoryRecentVC.swift */,
				EB0F0CAB2A1F67960093F471 /* PDfGoPremiumVC.swift */,
				D8E769C92A278B1A008BD289 /* PDfGoSplashGuideVC.swift */,
				D8E769BC2A22246B008BD289 /* configstore.storekit */,
				EBCA1A5D29FBC6A200473A6A /* Views */,
				EBAB51642A08ADC5003C1838 /* CameraViews */,
				EBCA1A3A29FA7B2A00473A6A /* TEstViewController.h */,
				EBCA1A3B29FA7B2A00473A6A /* TEstViewController.m */,
				EBCA1A6229FBCACB00473A6A /* SF-Pro-Text-Black.otf */,
				EBCA1A6029FBCAC900473A6A /* SF-Pro-Text-Bold.otf */,
				EBCA1A6429FBCACC00473A6A /* SF-Pro-Text-Medium.otf */,
				EBCA1A6129FBCACA00473A6A /* SF-Pro-Text-Regular.otf */,
				EBCA1A6329FBCACB00473A6A /* SF-Pro-Text-Semibold.otf */,
				EBCA1A6A29FBCFF200473A6A /* Montserrat-Bold.ttf */,
				EBCA1A6B29FBCFF200473A6A /* Montserrat-Light.ttf */,
				EBCA1A6C29FBCFF300473A6A /* Montserrat-Medium.otf */,
				EBCA1A7029FBCFFA00473A6A /* Montserrat-Regular.ttf */,
				EBCA1A7229FBD00100473A6A /* Montserrat-SemiBold.ttf */,
			);
			path = PDfMaker;
			sourceTree = "<group>";
		};
		EBCA1A3D29FA7B3000473A6A /* Capture */ = {
			isa = PBXGroup;
			children = (
				EBCA1A3F29FA7B3000473A6A /* category */,
				EBCA1A3E29FA7B3000473A6A /* MADCameraCaptureController.h */,
				EBCA1A4729FA7B3000473A6A /* MADCameraCaptureController.m */,
				EBCA1A4229FA7B3000473A6A /* MADCropScaleController.h */,
				EBCA1A4F29FA7B3000473A6A /* MADCropScaleController.m */,
				EBCA1A4329FA7B3000473A6A /* utils */,
				EBCA1A4829FA7B3000473A6A /* view */,
			);
			path = Capture;
			sourceTree = "<group>";
		};
		EBCA1A3F29FA7B3000473A6A /* category */ = {
			isa = PBXGroup;
			children = (
				EBCA1A4029FA7B3000473A6A /* UIColor+MADColor.m */,
				EBCA1A4129FA7B3000473A6A /* UIColor+MADColor.h */,
			);
			path = category;
			sourceTree = "<group>";
		};
		EBCA1A4329FA7B3000473A6A /* utils */ = {
			isa = PBXGroup;
			children = (
				EBCA1A4429FA7B3000473A6A /* MADCGTransfromHelper.h */,
				EBCA1A4529FA7B3000473A6A /* MADMacroDefines.h */,
				EBCA1A4629FA7B3000473A6A /* MADCGTransfromHelper.m */,
			);
			path = utils;
			sourceTree = "<group>";
		};
		EBCA1A4829FA7B3000473A6A /* view */ = {
			isa = PBXGroup;
			children = (
				EBCA1A4E29FA7B3000473A6A /* MADCameraCaptureView.h */,
				EBCA1A4B29FA7B3000473A6A /* MADCameraCaptureView.m */,
				EBCA1A4929FA7B3000473A6A /* MADCropScaleView.h */,
				EBCA1A4C29FA7B3000473A6A /* MADCropScaleView.m */,
				EBCA1A4D29FA7B3000473A6A /* MADSnapshotButton.h */,
				EBCA1A4A29FA7B3000473A6A /* MADSnapshotButton.m */,
			);
			path = view;
			sourceTree = "<group>";
		};
		EBCA1A5D29FBC6A200473A6A /* Views */ = {
			isa = PBXGroup;
			children = (
				EB55EEB02A0E468F007D7B15 /* WeScanCrop */,
			);
			path = Views;
			sourceTree = "<group>";
		};
/* End PBXGroup section */

/* Begin PBXNativeTarget section */
		EBCA1A1F29FA732400473A6A /* PDfMaker */ = {
			isa = PBXNativeTarget;
			buildConfigurationList = EBCA1A3429FA732600473A6A /* Build configuration list for PBXNativeTarget "PDfMaker" */;
			buildPhases = (
				A6E0A5D37A70ACF7708A8B39 /* [CP] Check Pods Manifest.lock */,
				EBCA1A1C29FA732400473A6A /* Sources */,
				EBCA1A1D29FA732400473A6A /* Frameworks */,
				EBCA1A1E29FA732400473A6A /* Resources */,
				B2589F71ABC29742D248CA5B /* [CP] Embed Pods Frameworks */,
			);
			buildRules = (
			);
			dependencies = (
			);
			name = PDfMaker;
			productName = PDfMaker;
			productReference = EBCA1A2029FA732400473A6A /* PDfMaker.app */;
			productType = "com.apple.product-type.application";
		};
/* End PBXNativeTarget section */

/* Begin PBXProject section */
		EBCA1A1829FA732300473A6A /* Project object */ = {
			isa = PBXProject;
			attributes = {
				BuildIndependentTargetsInParallel = 1;
				LastSwiftUpdateCheck = 1410;
				LastUpgradeCheck = 1410;
				TargetAttributes = {
					EBCA1A1F29FA732400473A6A = {
						CreatedOnToolsVersion = 14.1;
						LastSwiftMigration = 1410;
					};
				};
			};
			buildConfigurationList = EBCA1A1B29FA732300473A6A /* Build configuration list for PBXProject "PDfMaker" */;
			compatibilityVersion = "Xcode 13.0";
			developmentRegion = en;
			hasScannedForEncodings = 0;
			knownRegions = (
				en,
				Base,
				de,
				ar,
				"zh-Hans",
				es,
				"es-419",
				it,
				sv,
				cs,
				ko,
				"zh-Hant",
				hu,
				tr,
				pl,
				"pt-BR",
				ru,
				fr,
				nl,
				"pt-PT",
				ja,
			);
			mainGroup = EBCA1A1729FA732300473A6A;
			productRefGroup = EBCA1A2129FA732400473A6A /* Products */;
			projectDirPath = "";
			projectRoot = "";
			targets = (
				EBCA1A1F29FA732400473A6A /* PDfMaker */,
			);
		};
/* End PBXProject section */

/* Begin PBXResourcesBuildPhase section */
		EBCA1A1E29FA732400473A6A /* Resources */ = {
			isa = PBXResourcesBuildPhase;
			buildActionMask = 2147483647;
			files = (
				EBCA1A7129FBCFFB00473A6A /* Montserrat-Regular.ttf in Resources */,
				EBCA1A6F29FBCFF300473A6A /* Montserrat-Medium.otf in Resources */,
				EBCA1A7329FBD00100473A6A /* Montserrat-SemiBold.ttf in Resources */,
				EBCA1A6E29FBCFF300473A6A /* Montserrat-Light.ttf in Resources */,
				EBCA1A3029FA732600473A6A /* LaunchScreen.storyboard in Resources */,
				EBCA1A6729FBCACC00473A6A /* SF-Pro-Text-Black.otf in Resources */,
				EBCA1A6629FBCACC00473A6A /* SF-Pro-Text-Regular.otf in Resources */,
				EBCA1A2D29FA732600473A6A /* Assets.xcassets in Resources */,
				EBCA1A6929FBCACC00473A6A /* SF-Pro-Text-Medium.otf in Resources */,
				EBCA1A6D29FBCFF300473A6A /* Montserrat-Bold.ttf in Resources */,
				EBCA1A6529FBCACC00473A6A /* SF-Pro-Text-Bold.otf in Resources */,
				EBCA1A2B29FA732400473A6A /* Main.storyboard in Resources */,
				EBCA1A6829FBCACC00473A6A /* SF-Pro-Text-Semibold.otf in Resources */,
			);
			runOnlyForDeploymentPostprocessing = 0;
		};
/* End PBXResourcesBuildPhase section */

/* Begin PBXShellScriptBuildPhase section */
		A6E0A5D37A70ACF7708A8B39 /* [CP] Check Pods Manifest.lock */ = {
			isa = PBXShellScriptBuildPhase;
			buildActionMask = 2147483647;
			files = (
			);
			inputFileListPaths = (
			);
			inputPaths = (
				"${PODS_PODFILE_DIR_PATH}/Podfile.lock",
				"${PODS_ROOT}/Manifest.lock",
			);
			name = "[CP] Check Pods Manifest.lock";
			outputFileListPaths = (
			);
			outputPaths = (
				"$(DERIVED_FILE_DIR)/Pods-PDfMaker-checkManifestLockResult.txt",
			);
			runOnlyForDeploymentPostprocessing = 0;
			shellPath = /bin/sh;
			shellScript = "diff \"${PODS_PODFILE_DIR_PATH}/Podfile.lock\" \"${PODS_ROOT}/Manifest.lock\" > /dev/null\nif [ $? != 0 ] ; then\n    # print error to STDERR\n    echo \"error: The sandbox is not in sync with the Podfile.lock. Run 'pod install' or update your CocoaPods installation.\" >&2\n    exit 1\nfi\n# This output is used by Xcode 'outputs' to avoid re-running this script phase.\necho \"SUCCESS\" > \"${SCRIPT_OUTPUT_FILE_0}\"\n";
			showEnvVarsInLog = 0;
		};
		B2589F71ABC29742D248CA5B /* [CP] Embed Pods Frameworks */ = {
			isa = PBXShellScriptBuildPhase;
			buildActionMask = 2147483647;
			files = (
			);
			inputFileListPaths = (
				"${PODS_ROOT}/Target Support Files/Pods-PDfMaker/Pods-PDfMaker-frameworks-${CONFIGURATION}-input-files.xcfilelist",
			);
			name = "[CP] Embed Pods Frameworks";
			outputFileListPaths = (
				"${PODS_ROOT}/Target Support Files/Pods-PDfMaker/Pods-PDfMaker-frameworks-${CONFIGURATION}-output-files.xcfilelist",
			);
			runOnlyForDeploymentPostprocessing = 0;
			shellPath = /bin/sh;
			shellScript = "\"${PODS_ROOT}/Target Support Files/Pods-PDfMaker/Pods-PDfMaker-frameworks.sh\"\n";
			showEnvVarsInLog = 0;
		};
/* End PBXShellScriptBuildPhase section */

/* Begin PBXSourcesBuildPhase section */
		EBCA1A1C29FA732400473A6A /* Sources */ = {
			isa = PBXSourcesBuildPhase;
			buildActionMask = 2147483647;
			files = (
				D88C1EE72A1912470040CE44 /* PDfSettingPage.swift in Sources */,
				EB55EF0F2A0E475A007D7B15 /* AVCaptureVideoOrientation+Utils.swift in Sources */,
				EB0F0CAC2A1F67960093F471 /* PDfGoPremiumVC.swift in Sources */,
				EBCA1A5129FA7B3100473A6A /* MADCGTransfromHelper.m in Sources */,
				EBCA1A5329FA7B3100473A6A /* MADSnapshotButton.m in Sources */,
				D88C1EE32A18D0C60040CE44 /* PDfHomeRecentListView.swift in Sources */,
				EBCA1A2829FA732400473A6A /* ViewController.swift in Sources */,
				EB55EF1D2A0E475A007D7B15 /* CameraScannerViewController.swift in Sources */,
				EBCA1A5229FA7B3100473A6A /* MADCameraCaptureController.m in Sources */,
				EB55EF112A0E475A007D7B15 /* CGSize+Utils.swift in Sources */,
				EB55EF2A2A0E475A007D7B15 /* CIRectangleDetector.swift in Sources */,
				EB55EF2F2A0E4767007D7B15 /* WeScanCropManager.swift in Sources */,
				EB55EF122A0E475A007D7B15 /* CGImagePropertyOrientation.swift in Sources */,
				EB55EF162A0E475A007D7B15 /* Array+Utils.swift in Sources */,
				EBCA1A3829FA78D100473A6A /* PDfScanCAmeraVC.swift in Sources */,
				EBCA1A5629FA7B3100473A6A /* MADCropScaleController.m in Sources */,
				EBB3B5A12A1B801600884EA7 /* PDfHistoryRecentVC.swift in Sources */,
				EB55EF132A0E475A007D7B15 /* CIImage+Utils.swift in Sources */,
				EB55EF1A2A0E475A007D7B15 /* RectangleFeaturesFunnel.swift in Sources */,
				EB55EF1C2A0E475A007D7B15 /* ShutterButton.swift in Sources */,
				EB55EF152A0E475A007D7B15 /* CGRect+Utils.swift in Sources */,
				EB55EF242A0E475A007D7B15 /* CaptureDevice.swift in Sources */,
				EBCA1A3C29FA7B2A00473A6A /* TEstViewController.m in Sources */,
				EB55EF192A0E475A007D7B15 /* UIImage+SFSymbol.swift in Sources */,
				EB55EF1F2A0E475A007D7B15 /* ScannerViewController.swift in Sources */,
				EB55EF0C2A0E475A007D7B15 /* EditImageViewController.swift in Sources */,
				D8E769CA2A278B1A008BD289 /* PDfGoSplashGuideVC.swift in Sources */,
				EB55EF312A0E48DB007D7B15 /* ImageScannerController.swift in Sources */,
				D88C1EE92A1E59360040CE44 /* PDfSubscribeStoreManager.swift in Sources */,
				EBAB516C2A08AF0A003C1838 /* PDfCameraIdCardControlView.swift in Sources */,
				EB55EF252A0E475A007D7B15 /* Transformable.swift in Sources */,
				EB55EF142A0E475A007D7B15 /* CGAffineTransform+Utils.swift in Sources */,
				EB55EF222A0E475A007D7B15 /* CaptureSession.swift in Sources */,
				EBCA1A5529FA7B3100473A6A /* MADCropScaleView.m in Sources */,
				EBCA1A2429FA732400473A6A /* AppDelegate.swift in Sources */,
				D88C8A4E2A0E808A00CE73F2 /* PDfPhotoCropVC.swift in Sources */,
				EB55EF0D2A0E475A007D7B15 /* ZoomGestureController.swift in Sources */,
				EBCA1A5429FA7B3100473A6A /* MADCameraCaptureView.m in Sources */,
				EBAB516A2A08AEF0003C1838 /* PDfCameraSpeedControlView.swift in Sources */,
				EBCA1A5029FA7B3100473A6A /* UIColor+MADColor.m in Sources */,
				EB55EF1B2A0E475A007D7B15 /* CaptureSessionManager.swift in Sources */,
				EB55EF0E2A0E475A007D7B15 /* EditScanViewController.swift in Sources */,
				D88C8A502A0F5FA800CE73F2 /* PDfPhotoRotateVC.swift in Sources */,
				EBAB51662A08AE75003C1838 /* PDfCameraSinglePageControlView.swift in Sources */,
				EB55EEA72A0E3900007D7B15 /* PDfPhotoCropView.swift in Sources */,
				EBCA1A7529FBD1A400473A6A /* PDfMakTool.swift in Sources */,
				EB55EF262A0E475A007D7B15 /* ReviewViewController.swift in Sources */,
				EB55EF182A0E475A007D7B15 /* UIImage+Utils.swift in Sources */,
				EB55EF232A0E475A007D7B15 /* CaptureSession+Focus.swift in Sources */,
				EB55EF1E2A0E475A007D7B15 /* FocusRectangleView.swift in Sources */,
				EB55EF2C2A0E475A007D7B15 /* Quadrilateral.swift in Sources */,
				EB55EF272A0E475A007D7B15 /* EditScanCornerView.swift in Sources */,
				EBAB51682A08AE9E003C1838 /* PDfCameraBoundDetectControlView.swift in Sources */,
				EB55EF212A0E475A007D7B15 /* CaptureSession+Orientation.swift in Sources */,
				EB55EF292A0E475A007D7B15 /* VisionRectangleDetector.swift in Sources */,
				EB55EF2B2A0E475A007D7B15 /* QuadrilateralView.swift in Sources */,
				D88C8A522A108DF800CE73F2 /* PDfPhotosEditVC.swift in Sources */,
				EB340FC82A123F2D007C8DD1 /* PDfWePreviewVC.swift in Sources */,
				EB55EF202A0E475A007D7B15 /* CaptureSession+Flash.swift in Sources */,
				EB55EF102A0E475A007D7B15 /* CGPoint+Utils.swift in Sources */,
				EBCA1A2629FA732400473A6A /* SceneDelegate.swift in Sources */,
				EB55EF282A0E475A007D7B15 /* Error.swift in Sources */,
				EB55EF172A0E475A007D7B15 /* UIImage+Orientation.swift in Sources */,
			);
			runOnlyForDeploymentPostprocessing = 0;
		};
/* End PBXSourcesBuildPhase section */

/* Begin PBXVariantGroup section */
		EBCA1A2929FA732400473A6A /* Main.storyboard */ = {
			isa = PBXVariantGroup;
			children = (
				EBCA1A2A29FA732400473A6A /* Base */,
			);
			name = Main.storyboard;
			sourceTree = "<group>";
		};
		EBCA1A2E29FA732600473A6A /* LaunchScreen.storyboard */ = {
			isa = PBXVariantGroup;
			children = (
				EBCA1A2F29FA732600473A6A /* Base */,
			);
			name = LaunchScreen.storyboard;
			sourceTree = "<group>";
		};
/* End PBXVariantGroup section */

/* Begin XCBuildConfiguration section */
		EBCA1A3229FA732600473A6A /* Debug */ = {
			isa = XCBuildConfiguration;
			buildSettings = {
				ALWAYS_SEARCH_USER_PATHS = NO;
				CLANG_ANALYZER_NONNULL = YES;
				CLANG_ANALYZER_NUMBER_OBJECT_CONVERSION = YES_AGGRESSIVE;
				CLANG_CXX_LANGUAGE_STANDARD = "gnu++20";
				CLANG_ENABLE_MODULES = YES;
				CLANG_ENABLE_OBJC_ARC = YES;
				CLANG_ENABLE_OBJC_WEAK = YES;
				CLANG_WARN_BLOCK_CAPTURE_AUTORELEASING = YES;
				CLANG_WARN_BOOL_CONVERSION = YES;
				CLANG_WARN_COMMA = YES;
				CLANG_WARN_CONSTANT_CONVERSION = YES;
				CLANG_WARN_DEPRECATED_OBJC_IMPLEMENTATIONS = YES;
				CLANG_WARN_DIRECT_OBJC_ISA_USAGE = YES_ERROR;
				CLANG_WARN_DOCUMENTATION_COMMENTS = YES;
				CLANG_WARN_EMPTY_BODY = YES;
				CLANG_WARN_ENUM_CONVERSION = YES;
				CLANG_WARN_INFINITE_RECURSION = YES;
				CLANG_WARN_INT_CONVERSION = YES;
				CLANG_WARN_NON_LITERAL_NULL_CONVERSION = YES;
				CLANG_WARN_OBJC_IMPLICIT_RETAIN_SELF = YES;
				CLANG_WARN_OBJC_LITERAL_CONVERSION = YES;
				CLANG_WARN_OBJC_ROOT_CLASS = YES_ERROR;
				CLANG_WARN_QUOTED_INCLUDE_IN_FRAMEWORK_HEADER = YES;
				CLANG_WARN_RANGE_LOOP_ANALYSIS = YES;
				CLANG_WARN_STRICT_PROTOTYPES = YES;
				CLANG_WARN_SUSPICIOUS_MOVE = YES;
				CLANG_WARN_UNGUARDED_AVAILABILITY = YES_AGGRESSIVE;
				CLANG_WARN_UNREACHABLE_CODE = YES;
				CLANG_WARN__DUPLICATE_METHOD_MATCH = YES;
				COPY_PHASE_STRIP = NO;
				DEBUG_INFORMATION_FORMAT = dwarf;
				ENABLE_STRICT_OBJC_MSGSEND = YES;
				ENABLE_TESTABILITY = YES;
				GCC_C_LANGUAGE_STANDARD = gnu11;
				GCC_DYNAMIC_NO_PIC = NO;
				GCC_NO_COMMON_BLOCKS = YES;
				GCC_OPTIMIZATION_LEVEL = 0;
				GCC_PREPROCESSOR_DEFINITIONS = (
					"DEBUG=1",
					"$(inherited)",
				);
				GCC_WARN_64_TO_32_BIT_CONVERSION = YES;
				GCC_WARN_ABOUT_RETURN_TYPE = YES_ERROR;
				GCC_WARN_UNDECLARED_SELECTOR = YES;
				GCC_WARN_UNINITIALIZED_AUTOS = YES_AGGRESSIVE;
				GCC_WARN_UNUSED_FUNCTION = YES;
				GCC_WARN_UNUSED_VARIABLE = YES;
				IPHONEOS_DEPLOYMENT_TARGET = 14.0;
				MTL_ENABLE_DEBUG_INFO = INCLUDE_SOURCE;
				MTL_FAST_MATH = YES;
				ONLY_ACTIVE_ARCH = YES;
				SDKROOT = iphoneos;
				SWIFT_ACTIVE_COMPILATION_CONDITIONS = DEBUG;
				SWIFT_OPTIMIZATION_LEVEL = "-Onone";
			};
			name = Debug;
		};
		EBCA1A3329FA732600473A6A /* Release */ = {
			isa = XCBuildConfiguration;
			buildSettings = {
				ALWAYS_SEARCH_USER_PATHS = NO;
				CLANG_ANALYZER_NONNULL = YES;
				CLANG_ANALYZER_NUMBER_OBJECT_CONVERSION = YES_AGGRESSIVE;
				CLANG_CXX_LANGUAGE_STANDARD = "gnu++20";
				CLANG_ENABLE_MODULES = YES;
				CLANG_ENABLE_OBJC_ARC = YES;
				CLANG_ENABLE_OBJC_WEAK = YES;
				CLANG_WARN_BLOCK_CAPTURE_AUTORELEASING = YES;
				CLANG_WARN_BOOL_CONVERSION = YES;
				CLANG_WARN_COMMA = YES;
				CLANG_WARN_CONSTANT_CONVERSION = YES;
				CLANG_WARN_DEPRECATED_OBJC_IMPLEMENTATIONS = YES;
				CLANG_WARN_DIRECT_OBJC_ISA_USAGE = YES_ERROR;
				CLANG_WARN_DOCUMENTATION_COMMENTS = YES;
				CLANG_WARN_EMPTY_BODY = YES;
				CLANG_WARN_ENUM_CONVERSION = YES;
				CLANG_WARN_INFINITE_RECURSION = YES;
				CLANG_WARN_INT_CONVERSION = YES;
				CLANG_WARN_NON_LITERAL_NULL_CONVERSION = YES;
				CLANG_WARN_OBJC_IMPLICIT_RETAIN_SELF = YES;
				CLANG_WARN_OBJC_LITERAL_CONVERSION = YES;
				CLANG_WARN_OBJC_ROOT_CLASS = YES_ERROR;
				CLANG_WARN_QUOTED_INCLUDE_IN_FRAMEWORK_HEADER = YES;
				CLANG_WARN_RANGE_LOOP_ANALYSIS = YES;
				CLANG_WARN_STRICT_PROTOTYPES = YES;
				CLANG_WARN_SUSPICIOUS_MOVE = YES;
				CLANG_WARN_UNGUARDED_AVAILABILITY = YES_AGGRESSIVE;
				CLANG_WARN_UNREACHABLE_CODE = YES;
				CLANG_WARN__DUPLICATE_METHOD_MATCH = YES;
				COPY_PHASE_STRIP = NO;
				DEBUG_INFORMATION_FORMAT = "dwarf-with-dsym";
				ENABLE_NS_ASSERTIONS = NO;
				ENABLE_STRICT_OBJC_MSGSEND = YES;
				GCC_C_LANGUAGE_STANDARD = gnu11;
				GCC_NO_COMMON_BLOCKS = YES;
				GCC_WARN_64_TO_32_BIT_CONVERSION = YES;
				GCC_WARN_ABOUT_RETURN_TYPE = YES_ERROR;
				GCC_WARN_UNDECLARED_SELECTOR = YES;
				GCC_WARN_UNINITIALIZED_AUTOS = YES_AGGRESSIVE;
				GCC_WARN_UNUSED_FUNCTION = YES;
				GCC_WARN_UNUSED_VARIABLE = YES;
				IPHONEOS_DEPLOYMENT_TARGET = 14.0;
				MTL_ENABLE_DEBUG_INFO = NO;
				MTL_FAST_MATH = YES;
				SDKROOT = iphoneos;
				SWIFT_COMPILATION_MODE = wholemodule;
				SWIFT_OPTIMIZATION_LEVEL = "-O";
				VALIDATE_PRODUCT = YES;
			};
			name = Release;
		};
		EBCA1A3529FA732600473A6A /* Debug */ = {
			isa = XCBuildConfiguration;
			baseConfigurationReference = E52D1A920AE5670DF263E6C2 /* Pods-PDfMaker.debug.xcconfig */;
			buildSettings = {
				ASSETCATALOG_COMPILER_APPICON_NAME = AppIcon;
				ASSETCATALOG_COMPILER_GLOBAL_ACCENT_COLOR_NAME = AccentColor;
				CLANG_ENABLE_MODULES = YES;
				CODE_SIGN_IDENTITY = "Apple Development";
				CODE_SIGN_STYLE = Automatic;
				CURRENT_PROJECT_VERSION = 1;
				DEVELOPMENT_TEAM = 97Y24FFSPP;
				GENERATE_INFOPLIST_FILE = YES;
				INFOPLIST_FILE = PDfMaker/Info.plist;
				INFOPLIST_KEY_CFBundleDisplayName = "Picture Scan";
				INFOPLIST_KEY_NSCameraUsageDescription = "App needs your camera permission to scan documents and export as PDF";
				INFOPLIST_KEY_NSPhotoLibraryAddUsageDescription = "The app needs your Photo Library permission to select and export images to PDF";
				INFOPLIST_KEY_NSPhotoLibraryUsageDescription = "The app needs your Photo Library permission to select and export images to PDF";
				INFOPLIST_KEY_UIApplicationSupportsIndirectInputEvents = YES;
				INFOPLIST_KEY_UILaunchStoryboardName = LaunchScreen;
				INFOPLIST_KEY_UIMainStoryboardFile = Main;
				INFOPLIST_KEY_UISupportedInterfaceOrientations = UIInterfaceOrientationPortrait;
				INFOPLIST_KEY_UISupportedInterfaceOrientations_iPad = "UIInterfaceOrientationLandscapeLeft UIInterfaceOrientationLandscapeRight UIInterfaceOrientationPortrait UIInterfaceOrientationPortraitUpsideDown";
				INFOPLIST_KEY_UIUserInterfaceStyle = Light;
				IPHONEOS_DEPLOYMENT_TARGET = 14.0;
				LD_RUNPATH_SEARCH_PATHS = (
					"$(inherited)",
					"@executable_path/Frameworks",
				);
				LIBRARY_SEARCH_PATHS = (
					"$(inherited)",
					"$(PROJECT_DIR)/PDfMaker/Manager/uchardet",
				);
				MARKETING_VERSION = 1.0.0;
				PRODUCT_BUNDLE_IDENTIFIER = com.xx.888888;
				PRODUCT_NAME = "$(TARGET_NAME)";
				PROVISIONING_PROFILE_SPECIFIER = "";
				SUPPORTED_PLATFORMS = "iphoneos iphonesimulator";
				SUPPORTS_MACCATALYST = NO;
				SUPPORTS_MAC_DESIGNED_FOR_IPHONE_IPAD = NO;
				SWIFT_EMIT_LOC_STRINGS = YES;
				SWIFT_OBJC_BRIDGING_HEADER = "PDfMaker/PDfMaker-Bridging-Header.h";
				SWIFT_OPTIMIZATION_LEVEL = "-Onone";
				SWIFT_VERSION = 5.0;
				TARGETED_DEVICE_FAMILY = 1;
			};
			name = Debug;
		};
		EBCA1A3629FA732600473A6A /* Release */ = {
			isa = XCBuildConfiguration;
			baseConfigurationReference = B8284C125E2BFADD0E5EECBA /* Pods-PDfMaker.release.xcconfig */;
			buildSettings = {
				ASSETCATALOG_COMPILER_APPICON_NAME = AppIcon;
				ASSETCATALOG_COMPILER_GLOBAL_ACCENT_COLOR_NAME = AccentColor;
				CLANG_ENABLE_MODULES = YES;
				CODE_SIGN_IDENTITY = "Apple Development";
				CODE_SIGN_STYLE = Manual;
				CURRENT_PROJECT_VERSION = 1;
				DEVELOPMENT_TEAM = "";
				GENERATE_INFOPLIST_FILE = YES;
				INFOPLIST_FILE = PDfMaker/Info.plist;
				INFOPLIST_KEY_CFBundleDisplayName = "Picture Scan";
				INFOPLIST_KEY_NSCameraUsageDescription = "App needs your camera permission to scan documents and export as PDF";
				INFOPLIST_KEY_NSPhotoLibraryAddUsageDescription = "The app needs your Photo Library permission to select and export images to PDF";
				INFOPLIST_KEY_NSPhotoLibraryUsageDescription = "The app needs your Photo Library permission to select and export images to PDF";
				INFOPLIST_KEY_UIApplicationSupportsIndirectInputEvents = YES;
				INFOPLIST_KEY_UILaunchStoryboardName = LaunchScreen;
				INFOPLIST_KEY_UIMainStoryboardFile = Main;
				INFOPLIST_KEY_UISupportedInterfaceOrientations = UIInterfaceOrientationPortrait;
				INFOPLIST_KEY_UISupportedInterfaceOrientations_iPad = "UIInterfaceOrientationLandscapeLeft UIInterfaceOrientationLandscapeRight UIInterfaceOrientationPortrait UIInterfaceOrientationPortraitUpsideDown";
				INFOPLIST_KEY_UIUserInterfaceStyle = Light;
				IPHONEOS_DEPLOYMENT_TARGET = 14.0;
				LD_RUNPATH_SEARCH_PATHS = (
					"$(inherited)",
					"@executable_path/Frameworks",
				);
				LIBRARY_SEARCH_PATHS = (
					"$(inherited)",
					"$(PROJECT_DIR)/PDfMaker/Manager/uchardet",
				);
				MARKETING_VERSION = 1.0.0;
				PRODUCT_BUNDLE_IDENTIFIER = com.convert.picture.PDF;
				PRODUCT_NAME = "$(TARGET_NAME)";
				PROVISIONING_PROFILE_SPECIFIER = "";
				SUPPORTED_PLATFORMS = "iphoneos iphonesimulator";
				SUPPORTS_MACCATALYST = NO;
				SUPPORTS_MAC_DESIGNED_FOR_IPHONE_IPAD = NO;
				SWIFT_EMIT_LOC_STRINGS = YES;
				SWIFT_OBJC_BRIDGING_HEADER = "PDfMaker/PDfMaker-Bridging-Header.h";
				SWIFT_VERSION = 5.0;
				TARGETED_DEVICE_FAMILY = 1;
			};
			name = Release;
		};
/* End XCBuildConfiguration section */

/* Begin XCConfigurationList section */
		EBCA1A1B29FA732300473A6A /* Build configuration list for PBXProject "PDfMaker" */ = {
			isa = XCConfigurationList;
			buildConfigurations = (
				EBCA1A3229FA732600473A6A /* Debug */,
				EBCA1A3329FA732600473A6A /* Release */,
			);
			defaultConfigurationIsVisible = 0;
			defaultConfigurationName = Release;
		};
		EBCA1A3429FA732600473A6A /* Build configuration list for PBXNativeTarget "PDfMaker" */ = {
			isa = XCConfigurationList;
			buildConfigurations = (
				EBCA1A3529FA732600473A6A /* Debug */,
				EBCA1A3629FA732600473A6A /* Release */,
			);
			defaultConfigurationIsVisible = 0;
			defaultConfigurationName = Release;
		};
/* End XCConfigurationList section */
	};
	rootObject = EBCA1A1829FA732300473A6A /* Project object */;
}
